
Microsoft Visual Studio Solution File, Format Version 12.00
# Visual Studio Version 16
VisualStudioVersion = 16.0.29709.97
MinimumVisualStudioVersion = 10.0.40219.1
Project("{9A19103F-16F7-4668-BE54-9A1E7A4F7556}") = "askLNU", "askLNU\askLNU.csproj", "{C9740A39-E196-4972-B022-6A7F0F83CB9E}"
EndProject
Project("{9A19103F-16F7-4668-BE54-9A1E7A4F7556}") = "askLNU.DAL", "askLNU.DAL\askLNU.DAL.csproj", "{73A08AD3-7232-4F7A-8552-2F3E3E5BC38E}"
EndProject
Project("{FAE04EC0-301F-11D3-BF4B-00C04F79EFBC}") = "askLNU.BLL", "askLNU.BLL\askLNU.BLL.csproj", "{31452A4F-0AE7-4355-BC87-6712D4C15006}"
EndProject
Global
	GlobalSection(SolutionConfigurationPlatforms) = preSolution
		Debug|Any CPU = Debug|Any CPU
		Release|Any CPU = Release|Any CPU
	EndGlobalSection
	GlobalSection(ProjectConfigurationPlatforms) = postSolution
		{C9740A39-E196-4972-B022-6A7F0F83CB9E}.Debug|Any CPU.ActiveCfg = Debug|Any CPU
		{C9740A39-E196-4972-B022-6A7F0F83CB9E}.Debug|Any CPU.Build.0 = Debug|Any CPU
		{C9740A39-E196-4972-B022-6A7F0F83CB9E}.Release|Any CPU.ActiveCfg = Release|Any CPU
		{C9740A39-E196-4972-B022-6A7F0F83CB9E}.Release|Any CPU.Build.0 = Release|Any CPU
		{73A08AD3-7232-4F7A-8552-2F3E3E5BC38E}.Debug|Any CPU.ActiveCfg = Debug|Any CPU
		{73A08AD3-7232-4F7A-8552-2F3E3E5BC38E}.Debug|Any CPU.Build.0 = Debug|Any CPU
		{73A08AD3-7232-4F7A-8552-2F3E3E5BC38E}.Release|Any CPU.ActiveCfg = Release|Any CPU
		{73A08AD3-7232-4F7A-8552-2F3E3E5BC38E}.Release|Any CPU.Build.0 = Release|Any CPU
		{31452A4F-0AE7-4355-BC87-6712D4C15006}.Debug|Any CPU.ActiveCfg = Debug|Any CPU
		{31452A4F-0AE7-4355-BC87-6712D4C15006}.Debug|Any CPU.Build.0 = Debug|Any CPU
		{31452A4F-0AE7-4355-BC87-6712D4C15006}.Release|Any CPU.ActiveCfg = Release|Any CPU
		{31452A4F-0AE7-4355-BC87-6712D4C15006}.Release|Any CPU.Build.0 = Release|Any CPU
	EndGlobalSection
	GlobalSection(SolutionProperties) = preSolution
		HideSolutionNode = FALSE
	EndGlobalSection
	GlobalSection(ExtensibilityGlobals) = postSolution
		SolutionGuid = {6F95B0E9-B68D-4C06-B59C-EC5E6B363ECE}
	EndGlobalSection
EndGlobal
